
Microsoft Visual Studio Solution File, Format Version 12.00
# Visual Studio 15
VisualStudioVersion = 15.0.27428.2043
MinimumVisualStudioVersion = 10.0.40219.1
Project("{9A19103F-16F7-4668-BE54-9A1E7A4F7556}") = "Entities", "Entities\Entities.csproj", "{ACFC9906-7BA2-4D0A-ADD5-80E53E33BACC}"
EndProject
Project("{9A19103F-16F7-4668-BE54-9A1E7A4F7556}") = "Infrastructure", "Infrastructure\Infrastructure.csproj", "{94035302-FF3D-497F-9EAB-0124559D5934}"
EndProject
Project("{FAE04EC0-301F-11D3-BF4B-00C04F79EFBC}") = "API", "API\API.csproj", "{C6D09F22-954E-4189-9A03-87F9B80C1493}"
EndProject
Global
	GlobalSection(SolutionConfigurationPlatforms) = preSolution
		Debug|Any CPU = Debug|Any CPU
		Release|Any CPU = Release|Any CPU
	EndGlobalSection
	GlobalSection(ProjectConfigurationPlatforms) = postSolution
		{ACFC9906-7BA2-4D0A-ADD5-80E53E33BACC}.Debug|Any CPU.ActiveCfg = Debug|Any CPU
		{ACFC9906-7BA2-4D0A-ADD5-80E53E33BACC}.Debug|Any CPU.Build.0 = Debug|Any CPU
		{ACFC9906-7BA2-4D0A-ADD5-80E53E33BACC}.Release|Any CPU.ActiveCfg = Release|Any CPU
		{ACFC9906-7BA2-4D0A-ADD5-80E53E33BACC}.Release|Any CPU.Build.0 = Release|Any CPU
		{94035302-FF3D-497F-9EAB-0124559D5934}.Debug|Any CPU.ActiveCfg = Debug|Any CPU
		{94035302-FF3D-497F-9EAB-0124559D5934}.Debug|Any CPU.Build.0 = Debug|Any CPU
		{94035302-FF3D-497F-9EAB-0124559D5934}.Release|Any CPU.ActiveCfg = Release|Any CPU
		{94035302-FF3D-497F-9EAB-0124559D5934}.Release|Any CPU.Build.0 = Release|Any CPU
		{C6D09F22-954E-4189-9A03-87F9B80C1493}.Debug|Any CPU.ActiveCfg = Debug|Any CPU
		{C6D09F22-954E-4189-9A03-87F9B80C1493}.Debug|Any CPU.Build.0 = Debug|Any CPU
		{C6D09F22-954E-4189-9A03-87F9B80C1493}.Release|Any CPU.ActiveCfg = Release|Any CPU
		{C6D09F22-954E-4189-9A03-87F9B80C1493}.Release|Any CPU.Build.0 = Release|Any CPU
	EndGlobalSection
	GlobalSection(SolutionProperties) = preSolution
		HideSolutionNode = FALSE
	EndGlobalSection
	GlobalSection(ExtensibilityGlobals) = postSolution
		SolutionGuid = {CB9EC293-E4F0-4008-BD1D-D0CAD3B6C5EE}
	EndGlobalSection
EndGlobal
